// !$*UTF8*$!
{
	archiveVersion = 1;
	classes = {
	};
	objectVersion = 56;
	objects = {

/* Begin PBXBuildFile section */
		9BB714B32C7936E000537B1F /* AppDelegate.swift in Sources */ = {isa = PBXBuildFile; fileRef = 9BB714B22C7936E000537B1F /* AppDelegate.swift */; };
		9BB714B52C7936E000537B1F /* SceneDelegate.swift in Sources */ = {isa = PBXBuildFile; fileRef = 9BB714B42C7936E000537B1F /* SceneDelegate.swift */; };
		9BB714B72C7936E000537B1F /* ViewController.swift in Sources */ = {isa = PBXBuildFile; fileRef = 9BB714B62C7936E000537B1F /* ViewController.swift */; };
		9BB714BA2C7936E000537B1F /* Main.storyboard in Resources */ = {isa = PBXBuildFile; fileRef = 9BB714B82C7936E000537B1F /* Main.storyboard */; };
		9BB714BC2C7936E200537B1F /* Assets.xcassets in Resources */ = {isa = PBXBuildFile; fileRef = 9BB714BB2C7936E200537B1F /* Assets.xcassets */; };
		9BB714BF2C7936E200537B1F /* LaunchScreen.storyboard in Resources */ = {isa = PBXBuildFile; fileRef = 9BB714BD2C7936E200537B1F /* LaunchScreen.storyboard */; };
		9BB714CF2C79434E00537B1F /* cannon.mp3 in Resources */ = {isa = PBXBuildFile; fileRef = 9BB714C82C79434E00537B1F /* cannon.mp3 */; };
		9BB714D02C79434E00537B1F /* elise.mp3 in Resources */ = {isa = PBXBuildFile; fileRef = 9BB714C92C79434E00537B1F /* elise.mp3 */; };
		9BB714D12C79434E00537B1F /* aria.mp3 in Resources */ = {isa = PBXBuildFile; fileRef = 9BB714CA2C79434E00537B1F /* aria.mp3 */; };
		9BB714D22C79434E00537B1F /* Beethoven.jpg in Resources */ = {isa = PBXBuildFile; fileRef = 9BB714CC2C79434E00537B1F /* Beethoven.jpg */; };
		9BB714D32C79434E00537B1F /* Pachelbel.jpg in Resources */ = {isa = PBXBuildFile; fileRef = 9BB714CD2C79434E00537B1F /* Pachelbel.jpg */; };
		9BB714D42C79434E00537B1F /* Bach.jpg in Resources */ = {isa = PBXBuildFile; fileRef = 9BB714CE2C79434E00537B1F /* Bach.jpg */; };
/* End PBXBuildFile section */

/* Begin PBXFileReference section */
		9BB714AF2C7936E000537B1F /* TechPod.app */ = {isa = PBXFileReference; explicitFileType = wrapper.application; includeInIndex = 0; path = TechPod.app; sourceTree = BUILT_PRODUCTS_DIR; };
		9BB714B22C7936E000537B1F /* AppDelegate.swift */ = {isa = PBXFileReference; lastKnownFileType = sourcecode.swift; path = AppDelegate.swift; sourceTree = "<group>"; };
		9BB714B42C7936E000537B1F /* SceneDelegate.swift */ = {isa = PBXFileReference; lastKnownFileType = sourcecode.swift; path = SceneDelegate.swift; sourceTree = "<group>"; };
		9BB714B62C7936E000537B1F /* ViewController.swift */ = {isa = PBXFileReference; lastKnownFileType = sourcecode.swift; path = ViewController.swift; sourceTree = "<group>"; };
		9BB714B92C7936E000537B1F /* Base */ = {isa = PBXFileReference; lastKnownFileType = file.storyboard; name = Base; path = Base.lproj/Main.storyboard; sourceTree = "<group>"; };
		9BB714BB2C7936E200537B1F /* Assets.xcassets */ = {isa = PBXFileReference; lastKnownFileType = folder.assetcatalog; path = Assets.xcassets; sourceTree = "<group>"; };
		9BB714BE2C7936E200537B1F /* Base */ = {isa = PBXFileReference; lastKnownFileType = file.storyboard; name = Base; path = Base.lproj/LaunchScreen.storyboard; sourceTree = "<group>"; };
		9BB714C02C7936E200537B1F /* Info.plist */ = {isa = PBXFileReference; lastKnownFileType = text.plist.xml; path = Info.plist; sourceTree = "<group>"; };
		9BB714C82C79434E00537B1F /* cannon.mp3 */ = {isa = PBXFileReference; lastKnownFileType = audio.mp3; path = cannon.mp3; sourceTree = "<group>"; };
		9BB714C92C79434E00537B1F /* elise.mp3 */ = {isa = PBXFileReference; lastKnownFileType = audio.mp3; path = elise.mp3; sourceTree = "<group>"; };
		9BB714CA2C79434E00537B1F /* aria.mp3 */ = {isa = PBXFileReference; lastKnownFileType = audio.mp3; path = aria.mp3; sourceTree = "<group>"; };
		9BB714CC2C79434E00537B1F /* Beethoven.jpg */ = {isa = PBXFileReference; lastKnownFileType = image.jpeg; path = Beethoven.jpg; sourceTree = "<group>"; };
		9BB714CD2C79434E00537B1F /* Pachelbel.jpg */ = {isa = PBXFileReference; lastKnownFileType = image.jpeg; path = Pachelbel.jpg; sourceTree = "<group>"; };
		9BB714CE2C79434E00537B1F /* Bach.jpg */ = {isa = PBXFileReference; lastKnownFileType = image.jpeg; path = Bach.jpg; sourceTree = "<group>"; };
/* End PBXFileReference section */

/* Begin PBXFrameworksBuildPhase section */
		9BB714AC2C7936E000537B1F /* Frameworks */ = {
			isa = PBXFrameworksBuildPhase;
			buildActionMask = 2147483647;
			files = (
			);
			runOnlyForDeploymentPostprocessing = 0;
		};
/* End PBXFrameworksBuildPhase section */

/* Begin PBXGroup section */
		9BB714A62C7936E000537B1F = {
			isa = PBXGroup;
			children = (
				9BB714B12C7936E000537B1F /* TechPod */,
				9BB714B02C7936E000537B1F /* Products */,
			);
			sourceTree = "<group>";
		};
		9BB714B02C7936E000537B1F /* Products */ = {
			isa = PBXGroup;
			children = (
				9BB714AF2C7936E000537B1F /* TechPod.app */,
			);
			name = Products;
			sourceTree = "<group>";
		};
		9BB714B12C7936E000537B1F /* TechPod */ = {
			isa = PBXGroup;
			children = (
				9BB714B22C7936E000537B1F /* AppDelegate.swift */,
				9BB714B42C7936E000537B1F /* SceneDelegate.swift */,
				9BB714B62C7936E000537B1F /* ViewController.swift */,
				9BB714B82C7936E000537B1F /* Main.storyboard */,
				9BB714BB2C7936E200537B1F /* Assets.xcassets */,
				9BB714C62C79434E00537B1F /* Resources */,
				9BB714BD2C7936E200537B1F /* LaunchScreen.storyboard */,
				9BB714C02C7936E200537B1F /* Info.plist */,
			);
			path = TechPod;
			sourceTree = "<group>";
		};
		9BB714C62C79434E00537B1F /* Resources */ = {
			isa = PBXGroup;
			children = (
				9BB714C72C79434E00537B1F /* Songs */,
				9BB714CB2C79434E00537B1F /* Images */,
			);
			path = Resources;
			sourceTree = "<group>";
		};
		9BB714C72C79434E00537B1F /* Songs */ = {
			isa = PBXGroup;
			children = (
				9BB714C82C79434E00537B1F /* cannon.mp3 */,
				9BB714C92C79434E00537B1F /* elise.mp3 */,
				9BB714CA2C79434E00537B1F /* aria.mp3 */,
			);
			path = Songs;
			sourceTree = "<group>";
		};
		9BB714CB2C79434E00537B1F /* Images */ = {
			isa = PBXGroup;
			children = (
				9BB714CC2C79434E00537B1F /* Beethoven.jpg */,
				9BB714CD2C79434E00537B1F /* Pachelbel.jpg */,
				9BB714CE2C79434E00537B1F /* Bach.jpg */,
			);
			path = Images;
			sourceTree = "<group>";
		};
/* End PBXGroup section */

/* Begin PBXNativeTarget section */
		9BB714AE2C7936E000537B1F /* TechPod */ = {
			isa = PBXNativeTarget;
			buildConfigurationList = 9BB714C32C7936E200537B1F /* Build configuration list for PBXNativeTarget "TechPod" */;
			buildPhases = (
				9BB714AB2C7936E000537B1F /* Sources */,
				9BB714AC2C7936E000537B1F /* Frameworks */,
				9BB714AD2C7936E000537B1F /* Resources */,
			);
			buildRules = (
			);
			dependencies = (
			);
			name = TechPod;
			productName = TechPod;
			productReference = 9BB714AF2C7936E000537B1F /* TechPod.app */;
			productType = "com.apple.product-type.application";
		};
/* End PBXNativeTarget section */

/* Begin PBXProject section */
		9BB714A72C7936E000537B1F /* Project object */ = {
			isa = PBXProject;
			attributes = {
				BuildIndependentTargetsInParallel = 1;
				LastSwiftUpdateCheck = 1430;
				LastUpgradeCheck = 1430;
				TargetAttributes = {
					9BB714AE2C7936E000537B1F = {
						CreatedOnToolsVersion = 14.3.1;
					};
				};
			};
			buildConfigurationList = 9BB714AA2C7936E000537B1F /* Build configuration list for PBXProject "TechPod" */;
			compatibilityVersion = "Xcode 14.0";
			developmentRegion = en;
			hasScannedForEncodings = 0;
			knownRegions = (
				en,
				Base,
			);
			mainGroup = 9BB714A62C7936E000537B1F;
			productRefGroup = 9BB714B02C7936E000537B1F /* Products */;
			projectDirPath = "";
			projectRoot = "";
			targets = (
				9BB714AE2C7936E000537B1F /* TechPod */,
			);
		};
/* End PBXProject section */

/* Begin PBXResourcesBuildPhase section */
		9BB714AD2C7936E000537B1F /* Resources */ = {
			isa = PBXResourcesBuildPhase;
			buildActionMask = 2147483647;
			files = (
				9BB714BF2C7936E200537B1F /* LaunchScreen.storyboard in Resources */,
				9BB714CF2C79434E00537B1F /* cannon.mp3 in Resources */,
				9BB714D42C79434E00537B1F /* Bach.jpg in Resources */,
				9BB714D02C79434E00537B1F /* elise.mp3 in Resources */,
				9BB714BC2C7936E200537B1F /* Assets.xcassets in Resources */,
				9BB714D32C79434E00537B1F /* Pachelbel.jpg in Resources */,
				9BB714BA2C7936E000537B1F /* Main.storyboard in Resources */,
				9BB714D12C79434E00537B1F /* aria.mp3 in Resources */,
				9BB714D22C79434E00537B1F /* Beethoven.jpg in Resources */,
			);
			runOnlyForDeploymentPostprocessing = 0;
		};
/* End PBXResourcesBuildPhase section */

/* Begin PBXSourcesBuildPhase section */
		9BB714AB2C7936E000537B1F /* Sources */ = {
			isa = PBXSourcesBuildPhase;
			buildActionMask = 2147483647;
			files = (
				9BB714B72C7936E000537B1F /* ViewController.swift in Sources */,
				9BB714B32C7936E000537B1F /* AppDelegate.swift in Sources */,
				9BB714B52C7936E000537B1F /* SceneDelegate.swift in Sources */,
			);
			runOnlyForDeploymentPostprocessing = 0;
		};
/* End PBXSourcesBuildPhase section */

/* Begin PBXVariantGroup section */
		9BB714B82C7936E000537B1F /* Main.storyboard */ = {
			isa = PBXVariantGroup;
			children = (
				9BB714B92C7936E000537B1F /* Base */,
			);
			name = Main.storyboard;
			sourceTree = "<group>";
		};
		9BB714BD2C7936E200537B1F /* LaunchScreen.storyboard */ = {
			isa = PBXVariantGroup;
			children = (
				9BB714BE2C7936E200537B1F /* Base */,
			);
			name = LaunchScreen.storyboard;
			sourceTree = "<group>";
		};
/* End PBXVariantGroup section */

/* Begin XCBuildConfiguration section */
		9BB714C12C7936E200537B1F /* Debug */ = {
			isa = XCBuildConfiguration;
			buildSettings = {
				ALWAYS_SEARCH_USER_PATHS = NO;
				CLANG_ANALYZER_NONNULL = YES;
				CLANG_ANALYZER_NUMBER_OBJECT_CONVERSION = YES_AGGRESSIVE;
				CLANG_CXX_LANGUAGE_STANDARD = "gnu++20";
				CLANG_ENABLE_MODULES = YES;
				CLANG_ENABLE_OBJC_ARC = YES;
				CLANG_ENABLE_OBJC_WEAK = YES;
				CLANG_WARN_BLOCK_CAPTURE_AUTORELEASING = YES;
				CLANG_WARN_BOOL_CONVERSION = YES;
				CLANG_WARN_COMMA = YES;
				CLANG_WARN_CONSTANT_CONVERSION = YES;
				CLANG_WARN_DEPRECATED_OBJC_IMPLEMENTATIONS = YES;
				CLANG_WARN_DIRECT_OBJC_ISA_USAGE = YES_ERROR;
				CLANG_WARN_DOCUMENTATION_COMMENTS = YES;
				CLANG_WARN_EMPTY_BODY = YES;
				CLANG_WARN_ENUM_CONVERSION = YES;
				CLANG_WARN_INFINITE_RECURSION = YES;
				CLANG_WARN_INT_CONVERSION = YES;
				CLANG_WARN_NON_LITERAL_NULL_CONVERSION = YES;
				CLANG_WARN_OBJC_IMPLICIT_RETAIN_SELF = YES;
				CLANG_WARN_OBJC_LITERAL_CONVERSION = YES;
				CLANG_WARN_OBJC_ROOT_CLASS = YES_ERROR;
				CLANG_WARN_QUOTED_INCLUDE_IN_FRAMEWORK_HEADER = YES;
				CLANG_WARN_RANGE_LOOP_ANALYSIS = YES;
				CLANG_WARN_STRICT_PROTOTYPES = YES;
				CLANG_WARN_SUSPICIOUS_MOVE = YES;
				CLANG_WARN_UNGUARDED_AVAILABILITY = YES_AGGRESSIVE;
				CLANG_WARN_UNREACHABLE_CODE = YES;
				CLANG_WARN__DUPLICATE_METHOD_MATCH = YES;
				COPY_PHASE_STRIP = NO;
				DEBUG_INFORMATION_FORMAT = dwarf;
				ENABLE_STRICT_OBJC_MSGSEND = YES;
				ENABLE_TESTABILITY = YES;
				GCC_C_LANGUAGE_STANDARD = gnu11;
				GCC_DYNAMIC_NO_PIC = NO;
				GCC_NO_COMMON_BLOCKS = YES;
				GCC_OPTIMIZATION_LEVEL = 0;
				GCC_PREPROCESSOR_DEFINITIONS = (
					"DEBUG=1",
					"$(inherited)",
				);
				GCC_WARN_64_TO_32_BIT_CONVERSION = YES;
				GCC_WARN_ABOUT_RETURN_TYPE = YES_ERROR;
				GCC_WARN_UNDECLARED_SELECTOR = YES;
				GCC_WARN_UNINITIALIZED_AUTOS = YES_AGGRESSIVE;
				GCC_WARN_UNUSED_FUNCTION = YES;
				GCC_WARN_UNUSED_VARIABLE = YES;
				IPHONEOS_DEPLOYMENT_TARGET = 16.4;
				MTL_ENABLE_DEBUG_INFO = INCLUDE_SOURCE;
				MTL_FAST_MATH = YES;
				ONLY_ACTIVE_ARCH = YES;
				SDKROOT = iphoneos;
				SWIFT_ACTIVE_COMPILATION_CONDITIONS = DEBUG;
				SWIFT_OPTIMIZATION_LEVEL = "-Onone";
			};
			name = Debug;
		};
		9BB714C22C7936E200537B1F /* Release */ = {
			isa = XCBuildConfiguration;
			buildSettings = {
				ALWAYS_SEARCH_USER_PATHS = NO;
				CLANG_ANALYZER_NONNULL = YES;
				CLANG_ANALYZER_NUMBER_OBJECT_CONVERSION = YES_AGGRESSIVE;
				CLANG_CXX_LANGUAGE_STANDARD = "gnu++20";
				CLANG_ENABLE_MODULES = YES;
				CLANG_ENABLE_OBJC_ARC = YES;
				CLANG_ENABLE_OBJC_WEAK = YES;
				CLANG_WARN_BLOCK_CAPTURE_AUTORELEASING = YES;
				CLANG_WARN_BOOL_CONVERSION = YES;
				CLANG_WARN_COMMA = YES;
				CLANG_WARN_CONSTANT_CONVERSION = YES;
				CLANG_WARN_DEPRECATED_OBJC_IMPLEMENTATIONS = YES;
				CLANG_WARN_DIRECT_OBJC_ISA_USAGE = YES_ERROR;
				CLANG_WARN_DOCUMENTATION_COMMENTS = YES;
				CLANG_WARN_EMPTY_BODY = YES;
				CLANG_WARN_ENUM_CONVERSION = YES;
				CLANG_WARN_INFINITE_RECURSION = YES;
				CLANG_WARN_INT_CONVERSION = YES;
				CLANG_WARN_NON_LITERAL_NULL_CONVERSION = YES;
				CLANG_WARN_OBJC_IMPLICIT_RETAIN_SELF = YES;
				CLANG_WARN_OBJC_LITERAL_CONVERSION = YES;
				CLANG_WARN_OBJC_ROOT_CLASS = YES_ERROR;
				CLANG_WARN_QUOTED_INCLUDE_IN_FRAMEWORK_HEADER = YES;
				CLANG_WARN_RANGE_LOOP_ANALYSIS = YES;
				CLANG_WARN_STRICT_PROTOTYPES = YES;
				CLANG_WARN_SUSPICIOUS_MOVE = YES;
				CLANG_WARN_UNGUARDED_AVAILABILITY = YES_AGGRESSIVE;
				CLANG_WARN_UNREACHABLE_CODE = YES;
				CLANG_WARN__DUPLICATE_METHOD_MATCH = YES;
				COPY_PHASE_STRIP = NO;
				DEBUG_INFORMATION_FORMAT = "dwarf-with-dsym";
				ENABLE_NS_ASSERTIONS = NO;
				ENABLE_STRICT_OBJC_MSGSEND = YES;
				GCC_C_LANGUAGE_STANDARD = gnu11;
				GCC_NO_COMMON_BLOCKS = YES;
				GCC_WARN_64_TO_32_BIT_CONVERSION = YES;
				GCC_WARN_ABOUT_RETURN_TYPE = YES_ERROR;
				GCC_WARN_UNDECLARED_SELECTOR = YES;
				GCC_WARN_UNINITIALIZED_AUTOS = YES_AGGRESSIVE;
				GCC_WARN_UNUSED_FUNCTION = YES;
				GCC_WARN_UNUSED_VARIABLE = YES;
				IPHONEOS_DEPLOYMENT_TARGET = 16.4;
				MTL_ENABLE_DEBUG_INFO = NO;
				MTL_FAST_MATH = YES;
				SDKROOT = iphoneos;
				SWIFT_COMPILATION_MODE = wholemodule;
				SWIFT_OPTIMIZATION_LEVEL = "-O";
				VALIDATE_PRODUCT = YES;
			};
			name = Release;
		};
		9BB714C42C7936E200537B1F /* Debug */ = {
			isa = XCBuildConfiguration;
			buildSettings = {
				ASSETCATALOG_COMPILER_APPICON_NAME = AppIcon;
				ASSETCATALOG_COMPILER_GLOBAL_ACCENT_COLOR_NAME = AccentColor;
				CODE_SIGN_STYLE = Automatic;
				CURRENT_PROJECT_VERSION = 1;
				DEVELOPMENT_TEAM = 7CT3AUMF7P;
				GENERATE_INFOPLIST_FILE = YES;
				INFOPLIST_FILE = TechPod/Info.plist;
				INFOPLIST_KEY_UIApplicationSupportsIndirectInputEvents = YES;
				INFOPLIST_KEY_UILaunchStoryboardName = LaunchScreen;
				INFOPLIST_KEY_UIMainStoryboardFile = Main;
				INFOPLIST_KEY_UISupportedInterfaceOrientations_iPad = "UIInterfaceOrientationPortrait UIInterfaceOrientationPortraitUpsideDown UIInterfaceOrientationLandscapeLeft UIInterfaceOrientationLandscapeRight";
				INFOPLIST_KEY_UISupportedInterfaceOrientations_iPhone = "UIInterfaceOrientationPortrait UIInterfaceOrientationLandscapeLeft UIInterfaceOrientationLandscapeRight";
				LD_RUNPATH_SEARCH_PATHS = (
					"$(inherited)",
					"@executable_path/Frameworks",
				);
				MARKETING_VERSION = 1.0;
				PRODUCT_BUNDLE_IDENTIFIER = com.ObaShion.TechPod;
				PRODUCT_NAME = "$(TARGET_NAME)";
				SWIFT_EMIT_LOC_STRINGS = YES;
				SWIFT_VERSION = 5.0;
				TARGETED_DEVICE_FAMILY = "1,2";
			};
			name = Debug;
		};
		9BB714C52C7936E200537B1F /* Release */ = {
			isa = XCBuildConfiguration;
			buildSettings = {
				ASSETCATALOG_COMPILER_APPICON_NAME = AppIcon;
				ASSETCATALOG_COMPILER_GLOBAL_ACCENT_COLOR_NAME = AccentColor;
				CODE_SIGN_STYLE = Automatic;
				CURRENT_PROJECT_VERSION = 1;
				DEVELOPMENT_TEAM = 7CT3AUMF7P;
				GENERATE_INFOPLIST_FILE = YES;
				INFOPLIST_FILE = TechPod/Info.plist;
				INFOPLIST_KEY_UIApplicationSupportsIndirectInputEvents = YES;
				INFOPLIST_KEY_UILaunchStoryboardName = LaunchScreen;
				INFOPLIST_KEY_UIMainStoryboardFile = Main;
				INFOPLIST_KEY_UISupportedInterfaceOrientations_iPad = "UIInterfaceOrientationPortrait UIInterfaceOrientationPortraitUpsideDown UIInterfaceOrientationLandscapeLeft UIInterfaceOrientationLandscapeRight";
				INFOPLIST_KEY_UISupportedInterfaceOrientations_iPhone = "UIInterfaceOrientationPortrait UIInterfaceOrientationLandscapeLeft UIInterfaceOrientationLandscapeRight";
				LD_RUNPATH_SEARCH_PATHS = (
					"$(inherited)",
					"@executable_path/Frameworks",
				);
				MARKETING_VERSION = 1.0;
				PRODUCT_BUNDLE_IDENTIFIER = com.ObaShion.TechPod;
				PRODUCT_NAME = "$(TARGET_NAME)";
				SWIFT_EMIT_LOC_STRINGS = YES;
				SWIFT_VERSION = 5.0;
				TARGETED_DEVICE_FAMILY = "1,2";
			};
			name = Release;
		};
/* End XCBuildConfiguration section */

/* Begin XCConfigurationList section */
		9BB714AA2C7936E000537B1F /* Build configuration list for PBXProject "TechPod" */ = {
			isa = XCConfigurationList;
			buildConfigurations = (
				9BB714C12C7936E200537B1F /* Debug */,
				9BB714C22C7936E200537B1F /* Release */,
			);
			defaultConfigurationIsVisible = 0;
			defaultConfigurationName = Release;
		};
		9BB714C32C7936E200537B1F /* Build configuration list for PBXNativeTarget "TechPod" */ = {
			isa = XCConfigurationList;
			buildConfigurations = (
				9BB714C42C7936E200537B1F /* Debug */,
				9BB714C52C7936E200537B1F /* Release */,
			);
			defaultConfigurationIsVisible = 0;
			defaultConfigurationName = Release;
		};
/* End XCConfigurationList section */
	};
	rootObject = 9BB714A72C7936E000537B1F /* Project object */;
}
